// !$*UTF8*$!
{
	archiveVersion = 1;
	classes = {
	};
	objectVersion = 46;
	objects = {

/* Begin PBXBuildFile section */
		1F11D3771BB1266B00015E70 /* AppDelegate.swift in Sources */ = {isa = PBXBuildFile; fileRef = 1F11D3761BB1266B00015E70 /* AppDelegate.swift */; };
		1F11D3791BB1266B00015E70 /* ViewController.swift in Sources */ = {isa = PBXBuildFile; fileRef = 1F11D3781BB1266B00015E70 /* ViewController.swift */; };
		1F11D37C1BB1266B00015E70 /* Main.storyboard in Resources */ = {isa = PBXBuildFile; fileRef = 1F11D37A1BB1266B00015E70 /* Main.storyboard */; };
		1F11D37E1BB1266B00015E70 /* Assets.xcassets in Resources */ = {isa = PBXBuildFile; fileRef = 1F11D37D1BB1266B00015E70 /* Assets.xcassets */; };
		1F11D3811BB1266B00015E70 /* LaunchScreen.storyboard in Resources */ = {isa = PBXBuildFile; fileRef = 1F11D37F1BB1266B00015E70 /* LaunchScreen.storyboard */; };
		1F11D38C1BB1266B00015E70 /* NimbleIntegrationTest.swift in Sources */ = {isa = PBXBuildFile; fileRef = 1F11D38B1BB1266B00015E70 /* NimbleIntegrationTest.swift */; };
		1F11D3971BB1266B00015E70 /* NimbleIntegrationUITests.swift in Sources */ = {isa = PBXBuildFile; fileRef = 1F11D3961BB1266B00015E70 /* NimbleIntegrationUITests.swift */; };
		1FA48AA11BDC8D1900298380 /* NimbleIntegrationUITests.swift in Sources */ = {isa = PBXBuildFile; fileRef = 1F11D3961BB1266B00015E70 /* NimbleIntegrationUITests.swift */; };
		1FA48AB01BDC8D2100298380 /* NimbleIntegrationTest.swift in Sources */ = {isa = PBXBuildFile; fileRef = 1F11D38B1BB1266B00015E70 /* NimbleIntegrationTest.swift */; };
		1FE411C91BCB7B11004B6216 /* QuickIntegrationSpec.swift in Sources */ = {isa = PBXBuildFile; fileRef = 1FE411C81BCB7B11004B6216 /* QuickIntegrationSpec.swift */; };
		1FE411CB1BCB7B5F004B6216 /* QuickIntegrationUISpec.swift in Sources */ = {isa = PBXBuildFile; fileRef = 1FE411CA1BCB7B5F004B6216 /* QuickIntegrationUISpec.swift */; };
		2FE2524788B7ED3BDF883910 /* Pods_iOS_Cocoapods_NimbleTests.framework in Frameworks */ = {isa = PBXBuildFile; fileRef = 99DBF0C89BF229F6F4F77978 /* Pods_iOS_Cocoapods_NimbleTests.framework */; };
		5095FE6D9A0157C5316DD949 /* Pods_iOS_Cocoapods_NimbleUITests.framework in Frameworks */ = {isa = PBXBuildFile; fileRef = 1D42685F8B55F68689B0C787 /* Pods_iOS_Cocoapods_NimbleUITests.framework */; };
		7C5229B47A6C5094D621C671 /* Pods_iOS_Cocoapods_QuickTests.framework in Frameworks */ = {isa = PBXBuildFile; fileRef = F36707305154DD7B2D5A070F /* Pods_iOS_Cocoapods_QuickTests.framework */; };
		BE71CB4C8F306C6046B766B3 /* Pods_iOS_Cocoapods_QuickUITests.framework in Frameworks */ = {isa = PBXBuildFile; fileRef = F3793EE308673826B679F224 /* Pods_iOS_Cocoapods_QuickUITests.framework */; };
		FB54DCA9882FAE94EC3189C0 /* Pods_iOS_Cocoapods.framework in Frameworks */ = {isa = PBXBuildFile; fileRef = 701788773F76FCEDFF650974 /* Pods_iOS_Cocoapods.framework */; };
/* End PBXBuildFile section */

/* Begin PBXContainerItemProxy section */
		1F11D3881BB1266B00015E70 /* PBXContainerItemProxy */ = {
			isa = PBXContainerItemProxy;
			containerPortal = 1F11D36B1BB1266B00015E70 /* Project object */;
			proxyType = 1;
			remoteGlobalIDString = 1F11D3721BB1266B00015E70;
			remoteInfo = "iOS-Cocoapods";
		};
		1F11D3931BB1266B00015E70 /* PBXContainerItemProxy */ = {
			isa = PBXContainerItemProxy;
			containerPortal = 1F11D36B1BB1266B00015E70 /* Project object */;
			proxyType = 1;
			remoteGlobalIDString = 1F11D3721BB1266B00015E70;
			remoteInfo = "iOS-Cocoapods";
		};
		1FA48A9D1BDC8D1900298380 /* PBXContainerItemProxy */ = {
			isa = PBXContainerItemProxy;
			containerPortal = 1F11D36B1BB1266B00015E70 /* Project object */;
			proxyType = 1;
			remoteGlobalIDString = 1F11D3721BB1266B00015E70;
			remoteInfo = "iOS-Cocoapods";
		};
		1FA48AAD1BDC8D2100298380 /* PBXContainerItemProxy */ = {
			isa = PBXContainerItemProxy;
			containerPortal = 1F11D36B1BB1266B00015E70 /* Project object */;
			proxyType = 1;
			remoteGlobalIDString = 1F11D3721BB1266B00015E70;
			remoteInfo = "iOS-Cocoapods";
		};
/* End PBXContainerItemProxy section */

/* Begin PBXFileReference section */
		0A8321CBAB08494995B78903 /* Pods-iOS-Cocoapods-QuickUITests.release.xcconfig */ = {isa = PBXFileReference; includeInIndex = 1; lastKnownFileType = text.xcconfig; name = "Pods-iOS-Cocoapods-QuickUITests.release.xcconfig"; path = "Pods/Target Support Files/Pods-iOS-Cocoapods-QuickUITests/Pods-iOS-Cocoapods-QuickUITests.release.xcconfig"; sourceTree = "<group>"; };
		1D42685F8B55F68689B0C787 /* Pods_iOS_Cocoapods_NimbleUITests.framework */ = {isa = PBXFileReference; explicitFileType = wrapper.framework; includeInIndex = 0; path = Pods_iOS_Cocoapods_NimbleUITests.framework; sourceTree = BUILT_PRODUCTS_DIR; };
		1F11D3731BB1266B00015E70 /* iOS-Cocoapods.app */ = {isa = PBXFileReference; explicitFileType = wrapper.application; includeInIndex = 0; path = "iOS-Cocoapods.app"; sourceTree = BUILT_PRODUCTS_DIR; };
		1F11D3761BB1266B00015E70 /* AppDelegate.swift */ = {isa = PBXFileReference; lastKnownFileType = sourcecode.swift; path = AppDelegate.swift; sourceTree = "<group>"; };
		1F11D3781BB1266B00015E70 /* ViewController.swift */ = {isa = PBXFileReference; lastKnownFileType = sourcecode.swift; path = ViewController.swift; sourceTree = "<group>"; };
		1F11D37B1BB1266B00015E70 /* Base */ = {isa = PBXFileReference; lastKnownFileType = file.storyboard; name = Base; path = Base.lproj/Main.storyboard; sourceTree = "<group>"; };
		1F11D37D1BB1266B00015E70 /* Assets.xcassets */ = {isa = PBXFileReference; lastKnownFileType = folder.assetcatalog; path = Assets.xcassets; sourceTree = "<group>"; };
		1F11D3801BB1266B00015E70 /* Base */ = {isa = PBXFileReference; lastKnownFileType = file.storyboard; name = Base; path = Base.lproj/LaunchScreen.storyboard; sourceTree = "<group>"; };
		1F11D3821BB1266B00015E70 /* Info.plist */ = {isa = PBXFileReference; lastKnownFileType = text.plist.xml; path = Info.plist; sourceTree = "<group>"; };
		1F11D3871BB1266B00015E70 /* iOS-Cocoapods-QuickTests.xctest */ = {isa = PBXFileReference; explicitFileType = wrapper.cfbundle; includeInIndex = 0; path = "iOS-Cocoapods-QuickTests.xctest"; sourceTree = BUILT_PRODUCTS_DIR; };
		1F11D38B1BB1266B00015E70 /* NimbleIntegrationTest.swift */ = {isa = PBXFileReference; lastKnownFileType = sourcecode.swift; path = NimbleIntegrationTest.swift; sourceTree = "<group>"; };
		1F11D38D1BB1266B00015E70 /* Info.plist */ = {isa = PBXFileReference; lastKnownFileType = text.plist.xml; path = Info.plist; sourceTree = "<group>"; };
		1F11D3921BB1266B00015E70 /* iOS-Cocoapods-QuickUITests.xctest */ = {isa = PBXFileReference; explicitFileType = wrapper.cfbundle; includeInIndex = 0; path = "iOS-Cocoapods-QuickUITests.xctest"; sourceTree = BUILT_PRODUCTS_DIR; };
		1F11D3961BB1266B00015E70 /* NimbleIntegrationUITests.swift */ = {isa = PBXFileReference; lastKnownFileType = sourcecode.swift; path = NimbleIntegrationUITests.swift; sourceTree = "<group>"; };
		1F11D3981BB1266B00015E70 /* Info.plist */ = {isa = PBXFileReference; lastKnownFileType = text.plist.xml; path = Info.plist; sourceTree = "<group>"; };
		1FA48AA91BDC8D1900298380 /* iOS-Cocoapods-NimbleUITests.xctest */ = {isa = PBXFileReference; explicitFileType = wrapper.cfbundle; includeInIndex = 0; path = "iOS-Cocoapods-NimbleUITests.xctest"; sourceTree = BUILT_PRODUCTS_DIR; };
		1FA48ABA1BDC8D2100298380 /* iOS-Cocoapods-NimbleTests.xctest */ = {isa = PBXFileReference; explicitFileType = wrapper.cfbundle; includeInIndex = 0; path = "iOS-Cocoapods-NimbleTests.xctest"; sourceTree = BUILT_PRODUCTS_DIR; };
		1FE411C81BCB7B11004B6216 /* QuickIntegrationSpec.swift */ = {isa = PBXFileReference; fileEncoding = 4; lastKnownFileType = sourcecode.swift; path = QuickIntegrationSpec.swift; sourceTree = "<group>"; };
		1FE411CA1BCB7B5F004B6216 /* QuickIntegrationUISpec.swift */ = {isa = PBXFileReference; fileEncoding = 4; lastKnownFileType = sourcecode.swift; path = QuickIntegrationUISpec.swift; sourceTree = "<group>"; };
		421AEF657A97E310F9732326 /* Pods-iOS-Cocoapods-NimbleTests.release.xcconfig */ = {isa = PBXFileReference; includeInIndex = 1; lastKnownFileType = text.xcconfig; name = "Pods-iOS-Cocoapods-NimbleTests.release.xcconfig"; path = "Pods/Target Support Files/Pods-iOS-Cocoapods-NimbleTests/Pods-iOS-Cocoapods-NimbleTests.release.xcconfig"; sourceTree = "<group>"; };
		438C4CEEDFA2441B24AF5A8E /* Pods-iOS-Cocoapods-NimbleUITests.release.xcconfig */ = {isa = PBXFileReference; includeInIndex = 1; lastKnownFileType = text.xcconfig; name = "Pods-iOS-Cocoapods-NimbleUITests.release.xcconfig"; path = "Pods/Target Support Files/Pods-iOS-Cocoapods-NimbleUITests/Pods-iOS-Cocoapods-NimbleUITests.release.xcconfig"; sourceTree = "<group>"; };
		5397D70BCF708600FF71FA8D /* Pods-iOS-Cocoapods-QuickTests.release.xcconfig */ = {isa = PBXFileReference; includeInIndex = 1; lastKnownFileType = text.xcconfig; name = "Pods-iOS-Cocoapods-QuickTests.release.xcconfig"; path = "Pods/Target Support Files/Pods-iOS-Cocoapods-QuickTests/Pods-iOS-Cocoapods-QuickTests.release.xcconfig"; sourceTree = "<group>"; };
		701788773F76FCEDFF650974 /* Pods_iOS_Cocoapods.framework */ = {isa = PBXFileReference; explicitFileType = wrapper.framework; includeInIndex = 0; path = Pods_iOS_Cocoapods.framework; sourceTree = BUILT_PRODUCTS_DIR; };
		7F9C292AD033FE42BF87DADA /* Pods-iOS-Cocoapods.debug.xcconfig */ = {isa = PBXFileReference; includeInIndex = 1; lastKnownFileType = text.xcconfig; name = "Pods-iOS-Cocoapods.debug.xcconfig"; path = "Pods/Target Support Files/Pods-iOS-Cocoapods/Pods-iOS-Cocoapods.debug.xcconfig"; sourceTree = "<group>"; };
		91868F68A68B8D3BAF3F0C7A /* Pods-iOS-Cocoapods-QuickUITests.debug.xcconfig */ = {isa = PBXFileReference; includeInIndex = 1; lastKnownFileType = text.xcconfig; name = "Pods-iOS-Cocoapods-QuickUITests.debug.xcconfig"; path = "Pods/Target Support Files/Pods-iOS-Cocoapods-QuickUITests/Pods-iOS-Cocoapods-QuickUITests.debug.xcconfig"; sourceTree = "<group>"; };
		99DBF0C89BF229F6F4F77978 /* Pods_iOS_Cocoapods_NimbleTests.framework */ = {isa = PBXFileReference; explicitFileType = wrapper.framework; includeInIndex = 0; path = Pods_iOS_Cocoapods_NimbleTests.framework; sourceTree = BUILT_PRODUCTS_DIR; };
		9DC10B6E93A5FF656A2B50A5 /* Pods-iOS-Cocoapods.release.xcconfig */ = {isa = PBXFileReference; includeInIndex = 1; lastKnownFileType = text.xcconfig; name = "Pods-iOS-Cocoapods.release.xcconfig"; path = "Pods/Target Support Files/Pods-iOS-Cocoapods/Pods-iOS-Cocoapods.release.xcconfig"; sourceTree = "<group>"; };
		B329B7BC7592E3004C258F78 /* Pods-iOS-Cocoapods-NimbleTests.debug.xcconfig */ = {isa = PBXFileReference; includeInIndex = 1; lastKnownFileType = text.xcconfig; name = "Pods-iOS-Cocoapods-NimbleTests.debug.xcconfig"; path = "Pods/Target Support Files/Pods-iOS-Cocoapods-NimbleTests/Pods-iOS-Cocoapods-NimbleTests.debug.xcconfig"; sourceTree = "<group>"; };
		E81D0A7CA21B0D6D193F2B56 /* Pods-iOS-Cocoapods-QuickTests.debug.xcconfig */ = {isa = PBXFileReference; includeInIndex = 1; lastKnownFileType = text.xcconfig; name = "Pods-iOS-Cocoapods-QuickTests.debug.xcconfig"; path = "Pods/Target Support Files/Pods-iOS-Cocoapods-QuickTests/Pods-iOS-Cocoapods-QuickTests.debug.xcconfig"; sourceTree = "<group>"; };
		F27AD0B9814D2F3A2D0E179D /* Pods-iOS-Cocoapods-NimbleUITests.debug.xcconfig */ = {isa = PBXFileReference; includeInIndex = 1; lastKnownFileType = text.xcconfig; name = "Pods-iOS-Cocoapods-NimbleUITests.debug.xcconfig"; path = "Pods/Target Support Files/Pods-iOS-Cocoapods-NimbleUITests/Pods-iOS-Cocoapods-NimbleUITests.debug.xcconfig"; sourceTree = "<group>"; };
		F36707305154DD7B2D5A070F /* Pods_iOS_Cocoapods_QuickTests.framework */ = {isa = PBXFileReference; explicitFileType = wrapper.framework; includeInIndex = 0; path = Pods_iOS_Cocoapods_QuickTests.framework; sourceTree = BUILT_PRODUCTS_DIR; };
		F3793EE308673826B679F224 /* Pods_iOS_Cocoapods_QuickUITests.framework */ = {isa = PBXFileReference; explicitFileType = wrapper.framework; includeInIndex = 0; path = Pods_iOS_Cocoapods_QuickUITests.framework; sourceTree = BUILT_PRODUCTS_DIR; };
/* End PBXFileReference section */

/* Begin PBXFrameworksBuildPhase section */
		1F11D3701BB1266B00015E70 /* Frameworks */ = {
			isa = PBXFrameworksBuildPhase;
			buildActionMask = 2147483647;
			files = (
				FB54DCA9882FAE94EC3189C0 /* Pods_iOS_Cocoapods.framework in Frameworks */,
			);
			runOnlyForDeploymentPostprocessing = 0;
		};
		1F11D3841BB1266B00015E70 /* Frameworks */ = {
			isa = PBXFrameworksBuildPhase;
			buildActionMask = 2147483647;
			files = (
				7C5229B47A6C5094D621C671 /* Pods_iOS_Cocoapods_QuickTests.framework in Frameworks */,
			);
			runOnlyForDeploymentPostprocessing = 0;
		};
		1F11D38F1BB1266B00015E70 /* Frameworks */ = {
			isa = PBXFrameworksBuildPhase;
			buildActionMask = 2147483647;
			files = (
				BE71CB4C8F306C6046B766B3 /* Pods_iOS_Cocoapods_QuickUITests.framework in Frameworks */,
			);
			runOnlyForDeploymentPostprocessing = 0;
		};
		1FA48AA21BDC8D1900298380 /* Frameworks */ = {
			isa = PBXFrameworksBuildPhase;
			buildActionMask = 2147483647;
			files = (
				5095FE6D9A0157C5316DD949 /* Pods_iOS_Cocoapods_NimbleUITests.framework in Frameworks */,
			);
			runOnlyForDeploymentPostprocessing = 0;
		};
		1FA48AB21BDC8D2100298380 /* Frameworks */ = {
			isa = PBXFrameworksBuildPhase;
			buildActionMask = 2147483647;
			files = (
				2FE2524788B7ED3BDF883910 /* Pods_iOS_Cocoapods_NimbleTests.framework in Frameworks */,
			);
			runOnlyForDeploymentPostprocessing = 0;
		};
/* End PBXFrameworksBuildPhase section */

/* Begin PBXGroup section */
		1F11D36A1BB1266B00015E70 = {
			isa = PBXGroup;
			children = (
				1F11D3751BB1266B00015E70 /* iOS-Cocoapods */,
				1F11D38A1BB1266B00015E70 /* iOS-CocoapodsTests */,
				1F11D3951BB1266B00015E70 /* iOS-CocoapodsUITests */,
				1F11D3741BB1266B00015E70 /* Products */,
				93884BB3665564323396038A /* Pods */,
				DE78276E67EF28C6114102ED /* Frameworks */,
			);
			sourceTree = "<group>";
		};
		1F11D3741BB1266B00015E70 /* Products */ = {
			isa = PBXGroup;
			children = (
				1F11D3731BB1266B00015E70 /* iOS-Cocoapods.app */,
				1F11D3871BB1266B00015E70 /* iOS-Cocoapods-QuickTests.xctest */,
				1F11D3921BB1266B00015E70 /* iOS-Cocoapods-QuickUITests.xctest */,
				1FA48AA91BDC8D1900298380 /* iOS-Cocoapods-NimbleUITests.xctest */,
				1FA48ABA1BDC8D2100298380 /* iOS-Cocoapods-NimbleTests.xctest */,
			);
			name = Products;
			sourceTree = "<group>";
		};
		1F11D3751BB1266B00015E70 /* iOS-Cocoapods */ = {
			isa = PBXGroup;
			children = (
				1F11D3761BB1266B00015E70 /* AppDelegate.swift */,
				1F11D3781BB1266B00015E70 /* ViewController.swift */,
				1F11D37A1BB1266B00015E70 /* Main.storyboard */,
				1F11D37D1BB1266B00015E70 /* Assets.xcassets */,
				1F11D37F1BB1266B00015E70 /* LaunchScreen.storyboard */,
				1F11D3821BB1266B00015E70 /* Info.plist */,
			);
			path = "iOS-Cocoapods";
			sourceTree = "<group>";
		};
		1F11D38A1BB1266B00015E70 /* iOS-CocoapodsTests */ = {
			isa = PBXGroup;
			children = (
				1F11D38B1BB1266B00015E70 /* NimbleIntegrationTest.swift */,
				1FE411C81BCB7B11004B6216 /* QuickIntegrationSpec.swift */,
				1F11D38D1BB1266B00015E70 /* Info.plist */,
			);
			path = "iOS-CocoapodsTests";
			sourceTree = "<group>";
		};
		1F11D3951BB1266B00015E70 /* iOS-CocoapodsUITests */ = {
			isa = PBXGroup;
			children = (
				1F11D3961BB1266B00015E70 /* NimbleIntegrationUITests.swift */,
				1FE411CA1BCB7B5F004B6216 /* QuickIntegrationUISpec.swift */,
				1F11D3981BB1266B00015E70 /* Info.plist */,
			);
			path = "iOS-CocoapodsUITests";
			sourceTree = "<group>";
		};
		93884BB3665564323396038A /* Pods */ = {
			isa = PBXGroup;
			children = (
				7F9C292AD033FE42BF87DADA /* Pods-iOS-Cocoapods.debug.xcconfig */,
				9DC10B6E93A5FF656A2B50A5 /* Pods-iOS-Cocoapods.release.xcconfig */,
				B329B7BC7592E3004C258F78 /* Pods-iOS-Cocoapods-NimbleTests.debug.xcconfig */,
				421AEF657A97E310F9732326 /* Pods-iOS-Cocoapods-NimbleTests.release.xcconfig */,
				F27AD0B9814D2F3A2D0E179D /* Pods-iOS-Cocoapods-NimbleUITests.debug.xcconfig */,
				438C4CEEDFA2441B24AF5A8E /* Pods-iOS-Cocoapods-NimbleUITests.release.xcconfig */,
				E81D0A7CA21B0D6D193F2B56 /* Pods-iOS-Cocoapods-QuickTests.debug.xcconfig */,
				5397D70BCF708600FF71FA8D /* Pods-iOS-Cocoapods-QuickTests.release.xcconfig */,
				91868F68A68B8D3BAF3F0C7A /* Pods-iOS-Cocoapods-QuickUITests.debug.xcconfig */,
				0A8321CBAB08494995B78903 /* Pods-iOS-Cocoapods-QuickUITests.release.xcconfig */,
			);
			name = Pods;
			sourceTree = "<group>";
		};
		DE78276E67EF28C6114102ED /* Frameworks */ = {
			isa = PBXGroup;
			children = (
				701788773F76FCEDFF650974 /* Pods_iOS_Cocoapods.framework */,
				99DBF0C89BF229F6F4F77978 /* Pods_iOS_Cocoapods_NimbleTests.framework */,
				1D42685F8B55F68689B0C787 /* Pods_iOS_Cocoapods_NimbleUITests.framework */,
				F36707305154DD7B2D5A070F /* Pods_iOS_Cocoapods_QuickTests.framework */,
				F3793EE308673826B679F224 /* Pods_iOS_Cocoapods_QuickUITests.framework */,
			);
			name = Frameworks;
			sourceTree = "<group>";
		};
/* End PBXGroup section */

/* Begin PBXNativeTarget section */
		1F11D3721BB1266B00015E70 /* iOS-Cocoapods */ = {
			isa = PBXNativeTarget;
			buildConfigurationList = 1F11D39B1BB1266B00015E70 /* Build configuration list for PBXNativeTarget "iOS-Cocoapods" */;
			buildPhases = (
				09F02103EB0B34140BBBE1F6 /* [CP] Check Pods Manifest.lock */,
				1F11D36F1BB1266B00015E70 /* Sources */,
				1F11D3701BB1266B00015E70 /* Frameworks */,
				1F11D3711BB1266B00015E70 /* Resources */,
				DE10530803C4601E1E823C94 /* [CP] Embed Pods Frameworks */,
				136F65933EEEB2EB62D4E688 /* [CP] Copy Pods Resources */,
			);
			buildRules = (
			);
			dependencies = (
			);
			name = "iOS-Cocoapods";
			productName = "iOS-Cocoapods";
			productReference = 1F11D3731BB1266B00015E70 /* iOS-Cocoapods.app */;
			productType = "com.apple.product-type.application";
		};
		1F11D3861BB1266B00015E70 /* iOS-Cocoapods-QuickTests */ = {
			isa = PBXNativeTarget;
			buildConfigurationList = 1F11D39E1BB1266B00015E70 /* Build configuration list for PBXNativeTarget "iOS-Cocoapods-QuickTests" */;
			buildPhases = (
				C07344A008FB603A037E7EE5 /* [CP] Check Pods Manifest.lock */,
				1F11D3831BB1266B00015E70 /* Sources */,
				1F11D3841BB1266B00015E70 /* Frameworks */,
				1F11D3851BB1266B00015E70 /* Resources */,
				A5BD1A24BE2789C7EC0BD43D /* [CP] Embed Pods Frameworks */,
				AD893D7936A870A0125DCDB1 /* [CP] Copy Pods Resources */,
			);
			buildRules = (
			);
			dependencies = (
				1F11D3891BB1266B00015E70 /* PBXTargetDependency */,
			);
			name = "iOS-Cocoapods-QuickTests";
			productName = "iOS-CocoapodsTests";
			productReference = 1F11D3871BB1266B00015E70 /* iOS-Cocoapods-QuickTests.xctest */;
			productType = "com.apple.product-type.bundle.unit-test";
		};
		1F11D3911BB1266B00015E70 /* iOS-Cocoapods-QuickUITests */ = {
			isa = PBXNativeTarget;
			buildConfigurationList = 1F11D3A11BB1266B00015E70 /* Build configuration list for PBXNativeTarget "iOS-Cocoapods-QuickUITests" */;
			buildPhases = (
				599559A682DDAADC61BB72D2 /* [CP] Check Pods Manifest.lock */,
				1F11D38E1BB1266B00015E70 /* Sources */,
				1F11D38F1BB1266B00015E70 /* Frameworks */,
				1F11D3901BB1266B00015E70 /* Resources */,
				49CF3B2A35E8722A301301AA /* [CP] Copy Pods Resources */,
				A8AC7C2E0F402766095A23A3 /* [CP] Embed Pods Frameworks */,
			);
			buildRules = (
			);
			dependencies = (
				1F11D3941BB1266B00015E70 /* PBXTargetDependency */,
			);
			name = "iOS-Cocoapods-QuickUITests";
			productName = "iOS-CocoapodsUITests";
			productReference = 1F11D3921BB1266B00015E70 /* iOS-Cocoapods-QuickUITests.xctest */;
			productType = "com.apple.product-type.bundle.ui-testing";
		};
		1FA48A9B1BDC8D1900298380 /* iOS-Cocoapods-NimbleUITests */ = {
			isa = PBXNativeTarget;
			buildConfigurationList = 1FA48AA61BDC8D1900298380 /* Build configuration list for PBXNativeTarget "iOS-Cocoapods-NimbleUITests" */;
			buildPhases = (
				1FA48A9E1BDC8D1900298380 /* [CP] Check Pods Manifest.lock */,
				1FA48A9F1BDC8D1900298380 /* Sources */,
				1FA48AA21BDC8D1900298380 /* Frameworks */,
				1FA48AA41BDC8D1900298380 /* Resources */,
				1FA48AA51BDC8D1900298380 /* [CP] Copy Pods Resources */,
				91B413528128BCD74B034730 /* [CP] Embed Pods Frameworks */,
			);
			buildRules = (
			);
			dependencies = (
				1FA48A9C1BDC8D1900298380 /* PBXTargetDependency */,
			);
			name = "iOS-Cocoapods-NimbleUITests";
			productName = "iOS-CocoapodsUITests";
			productReference = 1FA48AA91BDC8D1900298380 /* iOS-Cocoapods-NimbleUITests.xctest */;
			productType = "com.apple.product-type.bundle.ui-testing";
		};
		1FA48AAB1BDC8D2100298380 /* iOS-Cocoapods-NimbleTests */ = {
			isa = PBXNativeTarget;
			buildConfigurationList = 1FA48AB71BDC8D2100298380 /* Build configuration list for PBXNativeTarget "iOS-Cocoapods-NimbleTests" */;
			buildPhases = (
				1FA48AAE1BDC8D2100298380 /* [CP] Check Pods Manifest.lock */,
				1FA48AAF1BDC8D2100298380 /* Sources */,
				1FA48AB21BDC8D2100298380 /* Frameworks */,
				1FA48AB41BDC8D2100298380 /* Resources */,
				1FA48AB51BDC8D2100298380 /* [CP] Embed Pods Frameworks */,
				1FA48AB61BDC8D2100298380 /* [CP] Copy Pods Resources */,
			);
			buildRules = (
			);
			dependencies = (
				1FA48AAC1BDC8D2100298380 /* PBXTargetDependency */,
			);
			name = "iOS-Cocoapods-NimbleTests";
			productName = "iOS-CocoapodsTests";
			productReference = 1FA48ABA1BDC8D2100298380 /* iOS-Cocoapods-NimbleTests.xctest */;
			productType = "com.apple.product-type.bundle.unit-test";
		};
/* End PBXNativeTarget section */

/* Begin PBXProject section */
		1F11D36B1BB1266B00015E70 /* Project object */ = {
			isa = PBXProject;
			attributes = {
				LastUpgradeCheck = 0820;
				ORGANIZATIONNAME = "Jeff Hui";
				TargetAttributes = {
					1F11D3721BB1266B00015E70 = {
						CreatedOnToolsVersion = 7.0;
						LastSwiftMigration = 0820;
					};
					1F11D3861BB1266B00015E70 = {
						CreatedOnToolsVersion = 7.0;
						LastSwiftMigration = 0820;
						TestTargetID = 1F11D3721BB1266B00015E70;
					};
					1F11D3911BB1266B00015E70 = {
						CreatedOnToolsVersion = 7.0;
						LastSwiftMigration = 0820;
						TestTargetID = 1F11D3721BB1266B00015E70;
					};
				};
			};
			buildConfigurationList = 1F11D36E1BB1266B00015E70 /* Build configuration list for PBXProject "iOS-Cocoapods" */;
			compatibilityVersion = "Xcode 3.2";
			developmentRegion = English;
			hasScannedForEncodings = 0;
			knownRegions = (
				en,
				Base,
			);
			mainGroup = 1F11D36A1BB1266B00015E70;
			productRefGroup = 1F11D3741BB1266B00015E70 /* Products */;
			projectDirPath = "";
			projectRoot = "";
			targets = (
				1F11D3721BB1266B00015E70 /* iOS-Cocoapods */,
				1F11D3861BB1266B00015E70 /* iOS-Cocoapods-QuickTests */,
				1F11D3911BB1266B00015E70 /* iOS-Cocoapods-QuickUITests */,
				1FA48AAB1BDC8D2100298380 /* iOS-Cocoapods-NimbleTests */,
				1FA48A9B1BDC8D1900298380 /* iOS-Cocoapods-NimbleUITests */,
			);
		};
/* End PBXProject section */

/* Begin PBXResourcesBuildPhase section */
		1F11D3711BB1266B00015E70 /* Resources */ = {
			isa = PBXResourcesBuildPhase;
			buildActionMask = 2147483647;
			files = (
				1F11D3811BB1266B00015E70 /* LaunchScreen.storyboard in Resources */,
				1F11D37E1BB1266B00015E70 /* Assets.xcassets in Resources */,
				1F11D37C1BB1266B00015E70 /* Main.storyboard in Resources */,
			);
			runOnlyForDeploymentPostprocessing = 0;
		};
		1F11D3851BB1266B00015E70 /* Resources */ = {
			isa = PBXResourcesBuildPhase;
			buildActionMask = 2147483647;
			files = (
			);
			runOnlyForDeploymentPostprocessing = 0;
		};
		1F11D3901BB1266B00015E70 /* Resources */ = {
			isa = PBXResourcesBuildPhase;
			buildActionMask = 2147483647;
			files = (
			);
			runOnlyForDeploymentPostprocessing = 0;
		};
		1FA48AA41BDC8D1900298380 /* Resources */ = {
			isa = PBXResourcesBuildPhase;
			buildActionMask = 2147483647;
			files = (
			);
			runOnlyForDeploymentPostprocessing = 0;
		};
		1FA48AB41BDC8D2100298380 /* Resources */ = {
			isa = PBXResourcesBuildPhase;
			buildActionMask = 2147483647;
			files = (
			);
			runOnlyForDeploymentPostprocessing = 0;
		};
/* End PBXResourcesBuildPhase section */

/* Begin PBXShellScriptBuildPhase section */
		09F02103EB0B34140BBBE1F6 /* [CP] Check Pods Manifest.lock */ = {
			isa = PBXShellScriptBuildPhase;
			buildActionMask = 2147483647;
			files = (
			);
			inputPaths = (
			);
			name = "[CP] Check Pods Manifest.lock";
			outputPaths = (
			);
			runOnlyForDeploymentPostprocessing = 0;
			shellPath = /bin/sh;
			shellScript = "diff \"${PODS_PODFILE_DIR_PATH}/Podfile.lock\" \"${PODS_ROOT}/Manifest.lock\" > /dev/null\nif [ $? != 0 ] ; then\n    # print error to STDERR\n    echo \"error: The sandbox is not in sync with the Podfile.lock. Run 'pod install' or update your CocoaPods installation.\" >&2\n    exit 1\nfi\n";
			showEnvVarsInLog = 0;
		};
		136F65933EEEB2EB62D4E688 /* [CP] Copy Pods Resources */ = {
			isa = PBXShellScriptBuildPhase;
			buildActionMask = 2147483647;
			files = (
			);
			inputPaths = (
			);
			name = "[CP] Copy Pods Resources";
			outputPaths = (
			);
			runOnlyForDeploymentPostprocessing = 0;
			shellPath = /bin/sh;
			shellScript = "\"${SRCROOT}/Pods/Target Support Files/Pods-iOS-Cocoapods/Pods-iOS-Cocoapods-resources.sh\"\n";
			showEnvVarsInLog = 0;
		};
		1FA48A9E1BDC8D1900298380 /* [CP] Check Pods Manifest.lock */ = {
			isa = PBXShellScriptBuildPhase;
			buildActionMask = 2147483647;
			files = (
			);
			inputPaths = (
			);
			name = "[CP] Check Pods Manifest.lock";
			outputPaths = (
			);
			runOnlyForDeploymentPostprocessing = 0;
			shellPath = /bin/sh;
			shellScript = "diff \"${PODS_PODFILE_DIR_PATH}/Podfile.lock\" \"${PODS_ROOT}/Manifest.lock\" > /dev/null\nif [ $? != 0 ] ; then\n    # print error to STDERR\n    echo \"error: The sandbox is not in sync with the Podfile.lock. Run 'pod install' or update your CocoaPods installation.\" >&2\n    exit 1\nfi\n";
			showEnvVarsInLog = 0;
		};
		1FA48AA51BDC8D1900298380 /* [CP] Copy Pods Resources */ = {
			isa = PBXShellScriptBuildPhase;
			buildActionMask = 2147483647;
			files = (
			);
			inputPaths = (
			);
			name = "[CP] Copy Pods Resources";
			outputPaths = (
			);
			runOnlyForDeploymentPostprocessing = 0;
			shellPath = /bin/sh;
			shellScript = "\"${SRCROOT}/Pods/Target Support Files/Pods-iOS-Cocoapods-NimbleUITests/Pods-iOS-Cocoapods-NimbleUITests-resources.sh\"\n";
			showEnvVarsInLog = 0;
		};
		1FA48AAE1BDC8D2100298380 /* [CP] Check Pods Manifest.lock */ = {
			isa = PBXShellScriptBuildPhase;
			buildActionMask = 2147483647;
			files = (
			);
			inputPaths = (
			);
			name = "[CP] Check Pods Manifest.lock";
			outputPaths = (
			);
			runOnlyForDeploymentPostprocessing = 0;
			shellPath = /bin/sh;
			shellScript = "diff \"${PODS_PODFILE_DIR_PATH}/Podfile.lock\" \"${PODS_ROOT}/Manifest.lock\" > /dev/null\nif [ $? != 0 ] ; then\n    # print error to STDERR\n    echo \"error: The sandbox is not in sync with the Podfile.lock. Run 'pod install' or update your CocoaPods installation.\" >&2\n    exit 1\nfi\n";
			showEnvVarsInLog = 0;
		};
		1FA48AB51BDC8D2100298380 /* [CP] Embed Pods Frameworks */ = {
			isa = PBXShellScriptBuildPhase;
			buildActionMask = 2147483647;
			files = (
			);
			inputPaths = (
			);
			name = "[CP] Embed Pods Frameworks";
			outputPaths = (
			);
			runOnlyForDeploymentPostprocessing = 0;
			shellPath = /bin/sh;
			shellScript = "\"${SRCROOT}/Pods/Target Support Files/Pods-iOS-Cocoapods-NimbleTests/Pods-iOS-Cocoapods-NimbleTests-frameworks.sh\"\n";
			showEnvVarsInLog = 0;
		};
		1FA48AB61BDC8D2100298380 /* [CP] Copy Pods Resources */ = {
			isa = PBXShellScriptBuildPhase;
			buildActionMask = 2147483647;
			files = (
			);
			inputPaths = (
			);
			name = "[CP] Copy Pods Resources";
			outputPaths = (
			);
			runOnlyForDeploymentPostprocessing = 0;
			shellPath = /bin/sh;
			shellScript = "\"${SRCROOT}/Pods/Target Support Files/Pods-iOS-Cocoapods-NimbleTests/Pods-iOS-Cocoapods-NimbleTests-resources.sh\"\n";
			showEnvVarsInLog = 0;
		};
		49CF3B2A35E8722A301301AA /* [CP] Copy Pods Resources */ = {
			isa = PBXShellScriptBuildPhase;
			buildActionMask = 2147483647;
			files = (
			);
			inputPaths = (
			);
			name = "[CP] Copy Pods Resources";
			outputPaths = (
			);
			runOnlyForDeploymentPostprocessing = 0;
			shellPath = /bin/sh;
			shellScript = "\"${SRCROOT}/Pods/Target Support Files/Pods-iOS-Cocoapods-QuickUITests/Pods-iOS-Cocoapods-QuickUITests-resources.sh\"\n";
			showEnvVarsInLog = 0;
		};
		599559A682DDAADC61BB72D2 /* [CP] Check Pods Manifest.lock */ = {
			isa = PBXShellScriptBuildPhase;
			buildActionMask = 2147483647;
			files = (
			);
			inputPaths = (
			);
			name = "[CP] Check Pods Manifest.lock";
			outputPaths = (
			);
			runOnlyForDeploymentPostprocessing = 0;
			shellPath = /bin/sh;
			shellScript = "diff \"${PODS_PODFILE_DIR_PATH}/Podfile.lock\" \"${PODS_ROOT}/Manifest.lock\" > /dev/null\nif [ $? != 0 ] ; then\n    # print error to STDERR\n    echo \"error: The sandbox is not in sync with the Podfile.lock. Run 'pod install' or update your CocoaPods installation.\" >&2\n    exit 1\nfi\n";
			showEnvVarsInLog = 0;
		};
		91B413528128BCD74B034730 /* [CP] Embed Pods Frameworks */ = {
			isa = PBXShellScriptBuildPhase;
			buildActionMask = 2147483647;
			files = (
			);
			inputPaths = (
			);
			name = "[CP] Embed Pods Frameworks";
			outputPaths = (
			);
			runOnlyForDeploymentPostprocessing = 0;
			shellPath = /bin/sh;
			shellScript = "\"${SRCROOT}/Pods/Target Support Files/Pods-iOS-Cocoapods-NimbleUITests/Pods-iOS-Cocoapods-NimbleUITests-frameworks.sh\"\n";
			showEnvVarsInLog = 0;
		};
		A5BD1A24BE2789C7EC0BD43D /* [CP] Embed Pods Frameworks */ = {
			isa = PBXShellScriptBuildPhase;
			buildActionMask = 2147483647;
			files = (
			);
			inputPaths = (
			);
			name = "[CP] Embed Pods Frameworks";
			outputPaths = (
			);
			runOnlyForDeploymentPostprocessing = 0;
			shellPath = /bin/sh;
			shellScript = "\"${SRCROOT}/Pods/Target Support Files/Pods-iOS-Cocoapods-QuickTests/Pods-iOS-Cocoapods-QuickTests-frameworks.sh\"\n";
			showEnvVarsInLog = 0;
		};
		A8AC7C2E0F402766095A23A3 /* [CP] Embed Pods Frameworks */ = {
			isa = PBXShellScriptBuildPhase;
			buildActionMask = 2147483647;
			files = (
			);
			inputPaths = (
			);
			name = "[CP] Embed Pods Frameworks";
			outputPaths = (
			);
			runOnlyForDeploymentPostprocessing = 0;
			shellPath = /bin/sh;
			shellScript = "\"${SRCROOT}/Pods/Target Support Files/Pods-iOS-Cocoapods-QuickUITests/Pods-iOS-Cocoapods-QuickUITests-frameworks.sh\"\n";
			showEnvVarsInLog = 0;
		};
		AD893D7936A870A0125DCDB1 /* [CP] Copy Pods Resources */ = {
			isa = PBXShellScriptBuildPhase;
			buildActionMask = 2147483647;
			files = (
			);
			inputPaths = (
			);
			name = "[CP] Copy Pods Resources";
			outputPaths = (
			);
			runOnlyForDeploymentPostprocessing = 0;
			shellPath = /bin/sh;
			shellScript = "\"${SRCROOT}/Pods/Target Support Files/Pods-iOS-Cocoapods-QuickTests/Pods-iOS-Cocoapods-QuickTests-resources.sh\"\n";
			showEnvVarsInLog = 0;
		};
		C07344A008FB603A037E7EE5 /* [CP] Check Pods Manifest.lock */ = {
			isa = PBXShellScriptBuildPhase;
			buildActionMask = 2147483647;
			files = (
			);
			inputPaths = (
			);
			name = "[CP] Check Pods Manifest.lock";
			outputPaths = (
			);
			runOnlyForDeploymentPostprocessing = 0;
			shellPath = /bin/sh;
			shellScript = "diff \"${PODS_PODFILE_DIR_PATH}/Podfile.lock\" \"${PODS_ROOT}/Manifest.lock\" > /dev/null\nif [ $? != 0 ] ; then\n    # print error to STDERR\n    echo \"error: The sandbox is not in sync with the Podfile.lock. Run 'pod install' or update your CocoaPods installation.\" >&2\n    exit 1\nfi\n";
			showEnvVarsInLog = 0;
		};
		DE10530803C4601E1E823C94 /* [CP] Embed Pods Frameworks */ = {
			isa = PBXShellScriptBuildPhase;
			buildActionMask = 2147483647;
			files = (
			);
			inputPaths = (
			);
			name = "[CP] Embed Pods Frameworks";
			outputPaths = (
			);
			runOnlyForDeploymentPostprocessing = 0;
			shellPath = /bin/sh;
			shellScript = "\"${SRCROOT}/Pods/Target Support Files/Pods-iOS-Cocoapods/Pods-iOS-Cocoapods-frameworks.sh\"\n";
			showEnvVarsInLog = 0;
		};
/* End PBXShellScriptBuildPhase section */

/* Begin PBXSourcesBuildPhase section */
		1F11D36F1BB1266B00015E70 /* Sources */ = {
			isa = PBXSourcesBuildPhase;
			buildActionMask = 2147483647;
			files = (
				1F11D3791BB1266B00015E70 /* ViewController.swift in Sources */,
				1F11D3771BB1266B00015E70 /* AppDelegate.swift in Sources */,
			);
			runOnlyForDeploymentPostprocessing = 0;
		};
		1F11D3831BB1266B00015E70 /* Sources */ = {
			isa = PBXSourcesBuildPhase;
			buildActionMask = 2147483647;
			files = (
				1F11D38C1BB1266B00015E70 /* NimbleIntegrationTest.swift in Sources */,
				1FE411C91BCB7B11004B6216 /* QuickIntegrationSpec.swift in Sources */,
			);
			runOnlyForDeploymentPostprocessing = 0;
		};
		1F11D38E1BB1266B00015E70 /* Sources */ = {
			isa = PBXSourcesBuildPhase;
			buildActionMask = 2147483647;
			files = (
				1FE411CB1BCB7B5F004B6216 /* QuickIntegrationUISpec.swift in Sources */,
				1F11D3971BB1266B00015E70 /* NimbleIntegrationUITests.swift in Sources */,
			);
			runOnlyForDeploymentPostprocessing = 0;
		};
		1FA48A9F1BDC8D1900298380 /* Sources */ = {
			isa = PBXSourcesBuildPhase;
			buildActionMask = 2147483647;
			files = (
				1FA48AA11BDC8D1900298380 /* NimbleIntegrationUITests.swift in Sources */,
			);
			runOnlyForDeploymentPostprocessing = 0;
		};
		1FA48AAF1BDC8D2100298380 /* Sources */ = {
			isa = PBXSourcesBuildPhase;
			buildActionMask = 2147483647;
			files = (
				1FA48AB01BDC8D2100298380 /* NimbleIntegrationTest.swift in Sources */,
			);
			runOnlyForDeploymentPostprocessing = 0;
		};
/* End PBXSourcesBuildPhase section */

/* Begin PBXTargetDependency section */
		1F11D3891BB1266B00015E70 /* PBXTargetDependency */ = {
			isa = PBXTargetDependency;
			target = 1F11D3721BB1266B00015E70 /* iOS-Cocoapods */;
			targetProxy = 1F11D3881BB1266B00015E70 /* PBXContainerItemProxy */;
		};
		1F11D3941BB1266B00015E70 /* PBXTargetDependency */ = {
			isa = PBXTargetDependency;
			target = 1F11D3721BB1266B00015E70 /* iOS-Cocoapods */;
			targetProxy = 1F11D3931BB1266B00015E70 /* PBXContainerItemProxy */;
		};
		1FA48A9C1BDC8D1900298380 /* PBXTargetDependency */ = {
			isa = PBXTargetDependency;
			target = 1F11D3721BB1266B00015E70 /* iOS-Cocoapods */;
			targetProxy = 1FA48A9D1BDC8D1900298380 /* PBXContainerItemProxy */;
		};
		1FA48AAC1BDC8D2100298380 /* PBXTargetDependency */ = {
			isa = PBXTargetDependency;
			target = 1F11D3721BB1266B00015E70 /* iOS-Cocoapods */;
			targetProxy = 1FA48AAD1BDC8D2100298380 /* PBXContainerItemProxy */;
		};
/* End PBXTargetDependency section */

/* Begin PBXVariantGroup section */
		1F11D37A1BB1266B00015E70 /* Main.storyboard */ = {
			isa = PBXVariantGroup;
			children = (
				1F11D37B1BB1266B00015E70 /* Base */,
			);
			name = Main.storyboard;
			sourceTree = "<group>";
		};
		1F11D37F1BB1266B00015E70 /* LaunchScreen.storyboard */ = {
			isa = PBXVariantGroup;
			children = (
				1F11D3801BB1266B00015E70 /* Base */,
			);
			name = LaunchScreen.storyboard;
			sourceTree = "<group>";
		};
/* End PBXVariantGroup section */

/* Begin XCBuildConfiguration section */
		1F11D3991BB1266B00015E70 /* Debug */ = {
			isa = XCBuildConfiguration;
			buildSettings = {
				ALWAYS_EMBED_SWIFT_STANDARD_LIBRARIES = YES;
				ALWAYS_SEARCH_USER_PATHS = NO;
				CLANG_CXX_LANGUAGE_STANDARD = "gnu++0x";
				CLANG_CXX_LIBRARY = "libc++";
				CLANG_ENABLE_MODULES = YES;
				CLANG_ENABLE_OBJC_ARC = YES;
				CLANG_WARN_BOOL_CONVERSION = YES;
				CLANG_WARN_CONSTANT_CONVERSION = YES;
				CLANG_WARN_DIRECT_OBJC_ISA_USAGE = YES_ERROR;
				CLANG_WARN_EMPTY_BODY = YES;
				CLANG_WARN_ENUM_CONVERSION = YES;
				CLANG_WARN_INFINITE_RECURSION = YES;
				CLANG_WARN_INT_CONVERSION = YES;
				CLANG_WARN_OBJC_ROOT_CLASS = YES_ERROR;
				CLANG_WARN_SUSPICIOUS_MOVE = YES;
				CLANG_WARN_UNREACHABLE_CODE = YES;
				CLANG_WARN__DUPLICATE_METHOD_MATCH = YES;
				"CODE_SIGN_IDENTITY[sdk=iphoneos*]" = "iPhone Developer";
				COPY_PHASE_STRIP = NO;
				DEBUG_INFORMATION_FORMAT = dwarf;
				ENABLE_STRICT_OBJC_MSGSEND = YES;
				ENABLE_TESTABILITY = YES;
				GCC_C_LANGUAGE_STANDARD = gnu99;
				GCC_DYNAMIC_NO_PIC = NO;
				GCC_NO_COMMON_BLOCKS = YES;
				GCC_OPTIMIZATION_LEVEL = 0;
				GCC_PREPROCESSOR_DEFINITIONS = (
					"DEBUG=1",
					"$(inherited)",
				);
				GCC_WARN_64_TO_32_BIT_CONVERSION = YES;
				GCC_WARN_ABOUT_RETURN_TYPE = YES_ERROR;
				GCC_WARN_UNDECLARED_SELECTOR = YES;
				GCC_WARN_UNINITIALIZED_AUTOS = YES_AGGRESSIVE;
				GCC_WARN_UNUSED_FUNCTION = YES;
				GCC_WARN_UNUSED_VARIABLE = YES;
				IPHONEOS_DEPLOYMENT_TARGET = 9.0;
				MTL_ENABLE_DEBUG_INFO = YES;
				ONLY_ACTIVE_ARCH = YES;
				SDKROOT = iphoneos;
				SWIFT_OPTIMIZATION_LEVEL = "-Onone";
			};
			name = Debug;
		};
		1F11D39A1BB1266B00015E70 /* Release */ = {
			isa = XCBuildConfiguration;
			buildSettings = {
				ALWAYS_EMBED_SWIFT_STANDARD_LIBRARIES = YES;
				ALWAYS_SEARCH_USER_PATHS = NO;
				CLANG_CXX_LANGUAGE_STANDARD = "gnu++0x";
				CLANG_CXX_LIBRARY = "libc++";
				CLANG_ENABLE_MODULES = YES;
				CLANG_ENABLE_OBJC_ARC = YES;
				CLANG_WARN_BOOL_CONVERSION = YES;
				CLANG_WARN_CONSTANT_CONVERSION = YES;
				CLANG_WARN_DIRECT_OBJC_ISA_USAGE = YES_ERROR;
				CLANG_WARN_EMPTY_BODY = YES;
				CLANG_WARN_ENUM_CONVERSION = YES;
				CLANG_WARN_INFINITE_RECURSION = YES;
				CLANG_WARN_INT_CONVERSION = YES;
				CLANG_WARN_OBJC_ROOT_CLASS = YES_ERROR;
				CLANG_WARN_SUSPICIOUS_MOVE = YES;
				CLANG_WARN_UNREACHABLE_CODE = YES;
				CLANG_WARN__DUPLICATE_METHOD_MATCH = YES;
				"CODE_SIGN_IDENTITY[sdk=iphoneos*]" = "iPhone Developer";
				COPY_PHASE_STRIP = NO;
				DEBUG_INFORMATION_FORMAT = "dwarf-with-dsym";
				ENABLE_NS_ASSERTIONS = NO;
				ENABLE_STRICT_OBJC_MSGSEND = YES;
				GCC_C_LANGUAGE_STANDARD = gnu99;
				GCC_NO_COMMON_BLOCKS = YES;
				GCC_WARN_64_TO_32_BIT_CONVERSION = YES;
				GCC_WARN_ABOUT_RETURN_TYPE = YES_ERROR;
				GCC_WARN_UNDECLARED_SELECTOR = YES;
				GCC_WARN_UNINITIALIZED_AUTOS = YES_AGGRESSIVE;
				GCC_WARN_UNUSED_FUNCTION = YES;
				GCC_WARN_UNUSED_VARIABLE = YES;
				IPHONEOS_DEPLOYMENT_TARGET = 9.0;
				MTL_ENABLE_DEBUG_INFO = NO;
				SDKROOT = iphoneos;
				SWIFT_OPTIMIZATION_LEVEL = "-Owholemodule";
				VALIDATE_PRODUCT = YES;
			};
			name = Release;
		};
		1F11D39C1BB1266B00015E70 /* Debug */ = {
			isa = XCBuildConfiguration;
			baseConfigurationReference = 7F9C292AD033FE42BF87DADA /* Pods-iOS-Cocoapods.debug.xcconfig */;
			buildSettings = {
				ASSETCATALOG_COMPILER_APPICON_NAME = AppIcon;
				FRAMEWORK_SEARCH_PATHS = (
					"$(inherited)",
					"\"$PODS_CONFIGURATION_BUILD_DIR/Nimble\"",
					"\"$(PLATFORM_DIR)/Developer/Library/Frameworks\"",
				);
				INFOPLIST_FILE = "iOS-Cocoapods/Info.plist";
				LD_RUNPATH_SEARCH_PATHS = "$(inherited) @executable_path/Frameworks";
				PRODUCT_BUNDLE_IDENTIFIER = "net.jeffhui.iOS-Cocoapods";
				PRODUCT_NAME = "$(TARGET_NAME)";
				SWIFT_VERSION = 3.0;
			};
			name = Debug;
		};
		1F11D39D1BB1266B00015E70 /* Release */ = {
			isa = XCBuildConfiguration;
			baseConfigurationReference = 9DC10B6E93A5FF656A2B50A5 /* Pods-iOS-Cocoapods.release.xcconfig */;
			buildSettings = {
				ASSETCATALOG_COMPILER_APPICON_NAME = AppIcon;
				FRAMEWORK_SEARCH_PATHS = (
					"$(inherited)",
					"\"$PODS_CONFIGURATION_BUILD_DIR/Nimble\"",
					"\"$(PLATFORM_DIR)/Developer/Library/Frameworks\"",
				);
				INFOPLIST_FILE = "iOS-Cocoapods/Info.plist";
				LD_RUNPATH_SEARCH_PATHS = "$(inherited) @executable_path/Frameworks";
				PRODUCT_BUNDLE_IDENTIFIER = "net.jeffhui.iOS-Cocoapods";
				PRODUCT_NAME = "$(TARGET_NAME)";
				SWIFT_VERSION = 3.0;
			};
			name = Release;
		};
		1F11D39F1BB1266B00015E70 /* Debug */ = {
			isa = XCBuildConfiguration;
			baseConfigurationReference = E81D0A7CA21B0D6D193F2B56 /* Pods-iOS-Cocoapods-QuickTests.debug.xcconfig */;
			buildSettings = {
				BUNDLE_LOADER = "$(TEST_HOST)";
				INFOPLIST_FILE = "iOS-CocoapodsTests/Info.plist";
				LD_RUNPATH_SEARCH_PATHS = "$(inherited) @executable_path/Frameworks @loader_path/Frameworks";
				OTHER_LDFLAGS = (
					"$(inherited)",
					"-framework",
					"\"Nimble\"",
					"-framework",
					XCTest,
				);
				PRODUCT_BUNDLE_IDENTIFIER = "net.jeffhui.iOS-CocoapodsTests";
				PRODUCT_NAME = "$(TARGET_NAME)";
				SWIFT_VERSION = 3.0;
				TEST_HOST = "$(BUILT_PRODUCTS_DIR)/iOS-Cocoapods.app/iOS-Cocoapods";
			};
			name = Debug;
		};
		1F11D3A01BB1266B00015E70 /* Release */ = {
			isa = XCBuildConfiguration;
			baseConfigurationReference = 5397D70BCF708600FF71FA8D /* Pods-iOS-Cocoapods-QuickTests.release.xcconfig */;
			buildSettings = {
				BUNDLE_LOADER = "$(TEST_HOST)";
				INFOPLIST_FILE = "iOS-CocoapodsTests/Info.plist";
				LD_RUNPATH_SEARCH_PATHS = "$(inherited) @executable_path/Frameworks @loader_path/Frameworks";
				OTHER_LDFLAGS = (
					"$(inherited)",
					"-framework",
					"\"Nimble\"",
					"-framework",
					XCTest,
				);
				PRODUCT_BUNDLE_IDENTIFIER = "net.jeffhui.iOS-CocoapodsTests";
				PRODUCT_NAME = "$(TARGET_NAME)";
				SWIFT_VERSION = 3.0;
				TEST_HOST = "$(BUILT_PRODUCTS_DIR)/iOS-Cocoapods.app/iOS-Cocoapods";
			};
			name = Release;
		};
		1F11D3A21BB1266B00015E70 /* Debug */ = {
			isa = XCBuildConfiguration;
			baseConfigurationReference = 91868F68A68B8D3BAF3F0C7A /* Pods-iOS-Cocoapods-QuickUITests.debug.xcconfig */;
			buildSettings = {
				INFOPLIST_FILE = "iOS-CocoapodsUITests/Info.plist";
				LD_RUNPATH_SEARCH_PATHS = "$(inherited) @executable_path/Frameworks @loader_path/Frameworks";
				OTHER_LDFLAGS = (
					"$(inherited)",
					"-framework",
					"\"Nimble\"",
					"-framework",
					XCTest,
				);
				PRODUCT_BUNDLE_IDENTIFIER = "net.jeffhui.iOS-CocoapodsUITests";
				PRODUCT_NAME = "$(TARGET_NAME)";
				SWIFT_VERSION = 3.0;
				TEST_TARGET_NAME = "iOS-Cocoapods";
				USES_XCTRUNNER = YES;
			};
			name = Debug;
		};
		1F11D3A31BB1266B00015E70 /* Release */ = {
			isa = XCBuildConfiguration;
			baseConfigurationReference = 0A8321CBAB08494995B78903 /* Pods-iOS-Cocoapods-QuickUITests.release.xcconfig */;
			buildSettings = {
				INFOPLIST_FILE = "iOS-CocoapodsUITests/Info.plist";
				LD_RUNPATH_SEARCH_PATHS = "$(inherited) @executable_path/Frameworks @loader_path/Frameworks";
				OTHER_LDFLAGS = (
					"$(inherited)",
					"-framework",
					"\"Nimble\"",
					"-framework",
					XCTest,
				);
				PRODUCT_BUNDLE_IDENTIFIER = "net.jeffhui.iOS-CocoapodsUITests";
				PRODUCT_NAME = "$(TARGET_NAME)";
				SWIFT_VERSION = 3.0;
				TEST_TARGET_NAME = "iOS-Cocoapods";
				USES_XCTRUNNER = YES;
			};
			name = Release;
		};
		1FA48AA71BDC8D1900298380 /* Debug */ = {
			isa = XCBuildConfiguration;
			baseConfigurationReference = F27AD0B9814D2F3A2D0E179D /* Pods-iOS-Cocoapods-NimbleUITests.debug.xcconfig */;
			buildSettings = {
				ALWAYS_EMBED_SWIFT_STANDARD_LIBRARIES = YES;
				INFOPLIST_FILE = "iOS-CocoapodsUITests/Info.plist";
				LD_RUNPATH_SEARCH_PATHS = "$(inherited) @executable_path/Frameworks @loader_path/Frameworks";
				OTHER_LDFLAGS = (
					"$(inherited)",
					"-framework",
					"\"Nimble\"",
					"-framework",
					XCTest,
				);
				PRODUCT_BUNDLE_IDENTIFIER = "net.jeffhui.iOS-CocoapodsUITests";
				PRODUCT_NAME = "$(TARGET_NAME)";
				TEST_TARGET_NAME = "iOS-Cocoapods";
				USES_XCTRUNNER = YES;
			};
			name = Debug;
		};
		1FA48AA81BDC8D1900298380 /* Release */ = {
			isa = XCBuildConfiguration;
			baseConfigurationReference = 438C4CEEDFA2441B24AF5A8E /* Pods-iOS-Cocoapods-NimbleUITests.release.xcconfig */;
			buildSettings = {
				ALWAYS_EMBED_SWIFT_STANDARD_LIBRARIES = YES;
				INFOPLIST_FILE = "iOS-CocoapodsUITests/Info.plist";
				LD_RUNPATH_SEARCH_PATHS = "$(inherited) @executable_path/Frameworks @loader_path/Frameworks";
				OTHER_LDFLAGS = (
					"$(inherited)",
					"-framework",
					"\"Nimble\"",
					"-framework",
					XCTest,
				);
				PRODUCT_BUNDLE_IDENTIFIER = "net.jeffhui.iOS-CocoapodsUITests";
				PRODUCT_NAME = "$(TARGET_NAME)";
				TEST_TARGET_NAME = "iOS-Cocoapods";
				USES_XCTRUNNER = YES;
			};
			name = Release;
		};
		1FA48AB81BDC8D2100298380 /* Debug */ = {
			isa = XCBuildConfiguration;
			baseConfigurationReference = B329B7BC7592E3004C258F78 /* Pods-iOS-Cocoapods-NimbleTests.debug.xcconfig */;
			buildSettings = {
				ALWAYS_EMBED_SWIFT_STANDARD_LIBRARIES = YES;
				BUNDLE_LOADER = "$(TEST_HOST)";
				INFOPLIST_FILE = "iOS-CocoapodsTests/Info.plist";
				LD_RUNPATH_SEARCH_PATHS = "$(inherited) @executable_path/Frameworks @loader_path/Frameworks";
				OTHER_LDFLAGS = (
					"$(inherited)",
					"-framework",
					"\"Nimble\"",
					"-framework",
					XCTest,
				);
				PRODUCT_BUNDLE_IDENTIFIER = "net.jeffhui.iOS-CocoapodsTests";
				PRODUCT_NAME = "$(TARGET_NAME)";
				TEST_HOST = "$(BUILT_PRODUCTS_DIR)/iOS-Cocoapods.app/iOS-Cocoapods";
			};
			name = Debug;
		};
		1FA48AB91BDC8D2100298380 /* Release */ = {
			isa = XCBuildConfiguration;
			baseConfigurationReference = 421AEF657A97E310F9732326 /* Pods-iOS-Cocoapods-NimbleTests.release.xcconfig */;
			buildSettings = {
				ALWAYS_EMBED_SWIFT_STANDARD_LIBRARIES = YES;
				BUNDLE_LOADER = "$(TEST_HOST)";
				INFOPLIST_FILE = "iOS-CocoapodsTests/Info.plist";
				LD_RUNPATH_SEARCH_PATHS = "$(inherited) @executable_path/Frameworks @loader_path/Frameworks";
				OTHER_LDFLAGS = (
					"$(inherited)",
					"-framework",
					"\"Nimble\"",
					"-framework",
					XCTest,
				);
				PRODUCT_BUNDLE_IDENTIFIER = "net.jeffhui.iOS-CocoapodsTests";
				PRODUCT_NAME = "$(TARGET_NAME)";
				TEST_HOST = "$(BUILT_PRODUCTS_DIR)/iOS-Cocoapods.app/iOS-Cocoapods";
			};
			name = Release;
		};
/* End XCBuildConfiguration section */

/* Begin XCConfigurationList section */
		1F11D36E1BB1266B00015E70 /* Build configuration list for PBXProject "iOS-Cocoapods" */ = {
			isa = XCConfigurationList;
			buildConfigurations = (
				1F11D3991BB1266B00015E70 /* Debug */,
				1F11D39A1BB1266B00015E70 /* Release */,
			);
			defaultConfigurationIsVisible = 0;
			defaultConfigurationName = Release;
		};
		1F11D39B1BB1266B00015E70 /* Build configuration list for PBXNativeTarget "iOS-Cocoapods" */ = {
			isa = XCConfigurationList;
			buildConfigurations = (
				1F11D39C1BB1266B00015E70 /* Debug */,
				1F11D39D1BB1266B00015E70 /* Release */,
			);
			defaultConfigurationIsVisible = 0;
			defaultConfigurationName = Release;
		};
		1F11D39E1BB1266B00015E70 /* Build configuration list for PBXNativeTarget "iOS-Cocoapods-QuickTests" */ = {
			isa = XCConfigurationList;
			buildConfigurations = (
				1F11D39F1BB1266B00015E70 /* Debug */,
				1F11D3A01BB1266B00015E70 /* Release */,
			);
			defaultConfigurationIsVisible = 0;
			defaultConfigurationName = Release;
		};
		1F11D3A11BB1266B00015E70 /* Build configuration list for PBXNativeTarget "iOS-Cocoapods-QuickUITests" */ = {
			isa = XCConfigurationList;
			buildConfigurations = (
				1F11D3A21BB1266B00015E70 /* Debug */,
				1F11D3A31BB1266B00015E70 /* Release */,
			);
			defaultConfigurationIsVisible = 0;
			defaultConfigurationName = Release;
		};
		1FA48AA61BDC8D1900298380 /* Build configuration list for PBXNativeTarget "iOS-Cocoapods-NimbleUITests" */ = {
			isa = XCConfigurationList;
			buildConfigurations = (
				1FA48AA71BDC8D1900298380 /* Debug */,
				1FA48AA81BDC8D1900298380 /* Release */,
			);
			defaultConfigurationIsVisible = 0;
			defaultConfigurationName = Release;
		};
		1FA48AB71BDC8D2100298380 /* Build configuration list for PBXNativeTarget "iOS-Cocoapods-NimbleTests" */ = {
			isa = XCConfigurationList;
			buildConfigurations = (
				1FA48AB81BDC8D2100298380 /* Debug */,
				1FA48AB91BDC8D2100298380 /* Release */,
			);
			defaultConfigurationIsVisible = 0;
			defaultConfigurationName = Release;
		};
/* End XCConfigurationList section */
	};
	rootObject = 1F11D36B1BB1266B00015E70 /* Project object */;
}
